
Microsoft Visual Studio Solution File, Format Version 12.00
# Visual Studio Version 16
VisualStudioVersion = 16.0.31729.503
MinimumVisualStudioVersion = 10.0.40219.1
Project("{9A19103F-16F7-4668-BE54-9A1E7A4F7556}") = "Iterator", "Iterator\Iterator.csproj", "{C1B8D726-437A-418F-BF8E-8FEEBF5EB3B8}"
EndProject
Project("{2150E333-8FDC-42A3-9474-1A3956D46DE8}") = "Behavioral", "Behavioral", "{B1ABD598-548F-4439-B525-EE0D3A4CF66B}"
EndProject
Global
	GlobalSection(SolutionConfigurationPlatforms) = preSolution
		Debug|Any CPU = Debug|Any CPU
		Release|Any CPU = Release|Any CPU
	EndGlobalSection
	GlobalSection(ProjectConfigurationPlatforms) = postSolution
		{C1B8D726-437A-418F-BF8E-8FEEBF5EB3B8}.Debug|Any CPU.ActiveCfg = Debug|Any CPU
		{C1B8D726-437A-418F-BF8E-8FEEBF5EB3B8}.Debug|Any CPU.Build.0 = Debug|Any CPU
		{C1B8D726-437A-418F-BF8E-8FEEBF5EB3B8}.Release|Any CPU.ActiveCfg = Release|Any CPU
		{C1B8D726-437A-418F-BF8E-8FEEBF5EB3B8}.Release|Any CPU.Build.0 = Release|Any CPU
	EndGlobalSection
	GlobalSection(SolutionProperties) = preSolution
		HideSolutionNode = FALSE
	EndGlobalSection
	GlobalSection(NestedProjects) = preSolution
		{C1B8D726-437A-418F-BF8E-8FEEBF5EB3B8} = {B1ABD598-548F-4439-B525-EE0D3A4CF66B}
	EndGlobalSection
	GlobalSection(ExtensibilityGlobals) = postSolution
		SolutionGuid = {4F8D0C0B-54EA-4697-9565-BBA00603D82F}
	EndGlobalSection
EndGlobal
